<?xml version="1.0" encoding="utf-8"?>
<Project ToolsVersion="4.0" xmlns="http://schemas.microsoft.com/developer/msbuild/2003">
  <ItemGroup>
    <ClCompile Include="GPrc23.cpp">
      <Filter>Cpp Files</Filter>
    </ClCompile>
    <ClCompile Include="graph.cpp">
      <Filter>Cpp Files</Filter>
    </ClCompile>
    <ClCompile Include="graphTS.cpp">
      <Filter>Cpp Files</Filter>
    </ClCompile>
    <ClCompile Include="wgraph.cpp">
      <Filter>Cpp Files</Filter>
    </ClCompile>
  </ItemGroup>
  <ItemGroup>
    <ClInclude Include="graph.h">
      <Filter>H files</Filter>
    </ClInclude>
    <ClInclude Include="wgraph.h">
      <Filter>H files</Filter>
    </ClInclude>
  </ItemGroup>
  <ItemGroup>
    <None Include="graph0.in">
      <Filter>In Files</Filter>
    </None>
    <None Include="graph1.in">
      <Filter>In Files</Filter>
    </None>
    <None Include="graph2.in">
      <Filter>In Files</Filter>
    </None>
    <None Include="wgraph0.out">
      <Filter>Out Files</Filter>
    </None>
    <None Include="graph3.in">
      <Filter>In Files</Filter>
    </None>
    <None Include="wgraph1.in">
      <Filter>In Files</Filter>
    </None>
    <None Include="wgraph2.in">
      <Filter>In Files</Filter>
    </None>
    <None Include="wgraph3.in">
      <Filter>In Files</Filter>
    </None>
    <None Include="graph0.out">
      <Filter>Out Files</Filter>
    </None>
    <None Include="K10.out">
      <Filter>Out Files</Filter>
    </None>
    <None Include="WK10.out">
      <Filter>Out Files</Filter>
    </None>
  </ItemGroup>
  <ItemGroup>
    <Filter Include="In Files">
      <UniqueIdentifier>{42ffa76c-baec-48d8-a328-160cde4eba26}</UniqueIdentifier>
    </Filter>
    <Filter Include="H files">
      <UniqueIdentifier>{d4cd7806-4d0c-46e9-b0eb-52a708227c74}</UniqueIdentifier>
    </Filter>
    <Filter Include="Out Files">
      <UniqueIdentifier>{4bbeca98-78d4-409e-9643-b335d4c650ac}</UniqueIdentifier>
    </Filter>
    <Filter Include="Cpp Files">
      <UniqueIdentifier>{42e16f32-47a2-43a0-9d04-93871c89c109}</UniqueIdentifier>
    </Filter>
  </ItemGroup>
</Project>